
Microsoft Visual Studio Solution File, Format Version 12.00
# Visual Studio Version 16
VisualStudioVersion = 16.0.31911.196
MinimumVisualStudioVersion = 10.0.40219.1
Project("{FAE04EC0-301F-11D3-BF4B-00C04F79EFBC}") = "TestApiTMDB", "TestApiTMDB\TestApiTMDB.csproj", "{5FB6DFAE-492C-4A20-A334-786F1D6A16C9}"
EndProject
Global
	GlobalSection(SolutionConfigurationPlatforms) = preSolution
		Debug|Any CPU = Debug|Any CPU
		Release|Any CPU = Release|Any CPU
	EndGlobalSection
	GlobalSection(ProjectConfigurationPlatforms) = postSolution
		{5FB6DFAE-492C-4A20-A334-786F1D6A16C9}.Debug|Any CPU.ActiveCfg = Debug|Any CPU
		{5FB6DFAE-492C-4A20-A334-786F1D6A16C9}.Debug|Any CPU.Build.0 = Debug|Any CPU
		{5FB6DFAE-492C-4A20-A334-786F1D6A16C9}.Release|Any CPU.ActiveCfg = Release|Any CPU
		{5FB6DFAE-492C-4A20-A334-786F1D6A16C9}.Release|Any CPU.Build.0 = Release|Any CPU
	EndGlobalSection
	GlobalSection(SolutionProperties) = preSolution
		HideSolutionNode = FALSE
	EndGlobalSection
	GlobalSection(ExtensibilityGlobals) = postSolution
		SolutionGuid = {C251DED0-3B94-4550-B47F-FC6648E50E2F}
	EndGlobalSection
EndGlobal
